// !$*UTF8*$!
{
	archiveVersion = 1;
	classes = {
	};
	objectVersion = 50;
	objects = {

/* Begin PBXBuildFile section */
		BF3D477D21866BDB0082EF75 /* GradientView.swift in Sources */ = {isa = PBXBuildFile; fileRef = BF3D477C21866BDB0082EF75 /* GradientView.swift */; };
		BF3D4782218670910082EF75 /* Localizable.strings in Resources */ = {isa = PBXBuildFile; fileRef = BF3D4784218670910082EF75 /* Localizable.strings */; };
		BF3D4787218674DF0082EF75 /* LaunchDetailDefaultViewController.swift in Sources */ = {isa = PBXBuildFile; fileRef = BF3D4786218674DF0082EF75 /* LaunchDetailDefaultViewController.swift */; };
		BF3D478C218675170082EF75 /* LaunchDetailViewController.swift in Sources */ = {isa = PBXBuildFile; fileRef = BF3D478B218675170082EF75 /* LaunchDetailViewController.swift */; };
		BF3D478F218675680082EF75 /* LaunchDetailPresenter.swift in Sources */ = {isa = PBXBuildFile; fileRef = BF3D478E218675680082EF75 /* LaunchDetailPresenter.swift */; };
		BF3D4791218675A40082EF75 /* LaunchDetailDefaultPresenter.swift in Sources */ = {isa = PBXBuildFile; fileRef = BF3D4790218675A40082EF75 /* LaunchDetailDefaultPresenter.swift */; };
		BF3D47932186770F0082EF75 /* LaunchDetailBuilder.swift in Sources */ = {isa = PBXBuildFile; fileRef = BF3D47922186770F0082EF75 /* LaunchDetailBuilder.swift */; };
		BF3D47952186791D0082EF75 /* LaunchCountdownView.swift in Sources */ = {isa = PBXBuildFile; fileRef = BF3D47942186791D0082EF75 /* LaunchCountdownView.swift */; };
		BF3D47972186865B0082EF75 /* LoaderView.swift in Sources */ = {isa = PBXBuildFile; fileRef = BF3D47962186865B0082EF75 /* LoaderView.swift */; };
		BF54E2AC2187926600FA2851 /* MockLaunchListRouter.swift in Sources */ = {isa = PBXBuildFile; fileRef = BF54E2AB2187926600FA2851 /* MockLaunchListRouter.swift */; };
		BF54E2B0218792D900FA2851 /* MockLaunchListInteractor.swift in Sources */ = {isa = PBXBuildFile; fileRef = BF54E2AF218792D900FA2851 /* MockLaunchListInteractor.swift */; };
		BF54E2B22187930F00FA2851 /* MockLaunchListPresenter.swift in Sources */ = {isa = PBXBuildFile; fileRef = BF54E2B12187930F00FA2851 /* MockLaunchListPresenter.swift */; };
		BF54E2B42187935300FA2851 /* MockLaunchListViewController.swift in Sources */ = {isa = PBXBuildFile; fileRef = BF54E2B32187935300FA2851 /* MockLaunchListViewController.swift */; };
		BF54E2B6218793C700FA2851 /* LaunchListPresenterTests.swift in Sources */ = {isa = PBXBuildFile; fileRef = BF54E2B5218793C700FA2851 /* LaunchListPresenterTests.swift */; };
		BF54E2BB2187A05D00FA2851 /* MockLaunchBuilder.swift in Sources */ = {isa = PBXBuildFile; fileRef = BF54E2BA2187A05D00FA2851 /* MockLaunchBuilder.swift */; };
		BF54E2BD2187A76400FA2851 /* APITests.swift in Sources */ = {isa = PBXBuildFile; fileRef = BF54E2BC2187A76400FA2851 /* APITests.swift */; };
		BF8CCF302185EB9500AB87E6 /* FirstStage.swift in Sources */ = {isa = PBXBuildFile; fileRef = BF8CCF2F2185EB9500AB87E6 /* FirstStage.swift */; };
		BF8CCF322185EBA500AB87E6 /* SecondStage.swift in Sources */ = {isa = PBXBuildFile; fileRef = BF8CCF312185EBA500AB87E6 /* SecondStage.swift */; };
		BF8CCF342185EBB500AB87E6 /* Fairings.swift in Sources */ = {isa = PBXBuildFile; fileRef = BF8CCF332185EBB500AB87E6 /* Fairings.swift */; };
		BF8CCF382185F12000AB87E6 /* Rocket.swift in Sources */ = {isa = PBXBuildFile; fileRef = BF8CCF372185F12000AB87E6 /* Rocket.swift */; };
		BF8CCF3A2185FCA400AB87E6 /* LaunchViewModel.swift in Sources */ = {isa = PBXBuildFile; fileRef = BF8CCF392185FCA400AB87E6 /* LaunchViewModel.swift */; };
		BF8CCF3D2185FD3000AB87E6 /* LaunchListItem.swift in Sources */ = {isa = PBXBuildFile; fileRef = BF8CCF3C2185FD3000AB87E6 /* LaunchListItem.swift */; };
		BF8CCF3F2186173600AB87E6 /* Palette.swift in Sources */ = {isa = PBXBuildFile; fileRef = BF8CCF3E2186173600AB87E6 /* Palette.swift */; };
		BF8CCF412186175600AB87E6 /* FontMachine.swift in Sources */ = {isa = PBXBuildFile; fileRef = BF8CCF402186175600AB87E6 /* FontMachine.swift */; };
		BF8CCF432186194C00AB87E6 /* LaunchCountdownCell.swift in Sources */ = {isa = PBXBuildFile; fileRef = BF8CCF422186194C00AB87E6 /* LaunchCountdownCell.swift */; };
		BF8CCF462186198700AB87E6 /* LaunchInfoCell.swift in Sources */ = {isa = PBXBuildFile; fileRef = BF8CCF452186198700AB87E6 /* LaunchInfoCell.swift */; };
		BF8CCF48218619A900AB87E6 /* LaunchListSectionHeaderCell.swift in Sources */ = {isa = PBXBuildFile; fileRef = BF8CCF47218619A900AB87E6 /* LaunchListSectionHeaderCell.swift */; };
		BFE55FCF2184F0A8001B518B /* AppDelegate.swift in Sources */ = {isa = PBXBuildFile; fileRef = BFE55FCE2184F0A8001B518B /* AppDelegate.swift */; };
		BFE55FD62184F0A9001B518B /* Assets.xcassets in Resources */ = {isa = PBXBuildFile; fileRef = BFE55FD52184F0A9001B518B /* Assets.xcassets */; };
		BFE55FD92184F0A9001B518B /* LaunchScreen.storyboard in Resources */ = {isa = PBXBuildFile; fileRef = BFE55FD72184F0A9001B518B /* LaunchScreen.storyboard */; };
		BFE55FEF2184F6E4001B518B /* LaunchListDefaultViewController.swift in Sources */ = {isa = PBXBuildFile; fileRef = BFE55FEE2184F6E4001B518B /* LaunchListDefaultViewController.swift */; };
		BFE55FF12184F71B001B518B /* LaunchListViewController.swift in Sources */ = {isa = PBXBuildFile; fileRef = BFE55FF02184F71B001B518B /* LaunchListViewController.swift */; };
		BFE55FF62184F743001B518B /* SystemExtensions.swift in Sources */ = {isa = PBXBuildFile; fileRef = BFE55FF52184F743001B518B /* SystemExtensions.swift */; };
		BFE55FF92184F7D4001B518B /* LaunchListDefaultPresenter.swift in Sources */ = {isa = PBXBuildFile; fileRef = BFE55FF82184F7D4001B518B /* LaunchListDefaultPresenter.swift */; };
		BFE55FFB2184F8B5001B518B /* LaunchListPresenter.swift in Sources */ = {isa = PBXBuildFile; fileRef = BFE55FFA2184F8B5001B518B /* LaunchListPresenter.swift */; };
		BFE55FFE2184F8FC001B518B /* LaunchListInteractor.swift in Sources */ = {isa = PBXBuildFile; fileRef = BFE55FFD2184F8FC001B518B /* LaunchListInteractor.swift */; };
		BFE560002184F945001B518B /* LaunchListRouter.swift in Sources */ = {isa = PBXBuildFile; fileRef = BFE55FFF2184F945001B518B /* LaunchListRouter.swift */; };
		BFE560022184F960001B518B /* LaunchListDefaultInteractor.swift in Sources */ = {isa = PBXBuildFile; fileRef = BFE560012184F960001B518B /* LaunchListDefaultInteractor.swift */; };
		BFE560042184F96C001B518B /* LaunchListDefaultRouter.swift in Sources */ = {isa = PBXBuildFile; fileRef = BFE560032184F96C001B518B /* LaunchListDefaultRouter.swift */; };
		BFE560062184F985001B518B /* LaunchListBuilder.swift in Sources */ = {isa = PBXBuildFile; fileRef = BFE560052184F985001B518B /* LaunchListBuilder.swift */; };
		BFE560082184FC88001B518B /* Navigatable.swift in Sources */ = {isa = PBXBuildFile; fileRef = BFE560072184FC86001B518B /* Navigatable.swift */; };
		BFE5600C2184FC90001B518B /* ReusableCell.swift in Sources */ = {isa = PBXBuildFile; fileRef = BFE5600B2184FC90001B518B /* ReusableCell.swift */; };
		BFE560112184FCA3001B518B /* Router.swift in Sources */ = {isa = PBXBuildFile; fileRef = BFE560102184FCA2001B518B /* Router.swift */; };
		BFE560152184FD8F001B518B /* RouteType.swift in Sources */ = {isa = PBXBuildFile; fileRef = BFE560142184FD8F001B518B /* RouteType.swift */; };
		BFE560172184FFA3001B518B /* API.swift in Sources */ = {isa = PBXBuildFile; fileRef = BFE560162184FFA3001B518B /* API.swift */; };
		BFE5601A21850296001B518B /* NetworkResult.swift in Sources */ = {isa = PBXBuildFile; fileRef = BFE5601921850296001B518B /* NetworkResult.swift */; };
		BFE5601D2185067E001B518B /* Launch.swift in Sources */ = {isa = PBXBuildFile; fileRef = BFE5601C2185067E001B518B /* Launch.swift */; };
		BFE5601F2185073E001B518B /* LaunchFetchError.swift in Sources */ = {isa = PBXBuildFile; fileRef = BFE5601E2185073E001B518B /* LaunchFetchError.swift */; };
/* End PBXBuildFile section */

/* Begin PBXContainerItemProxy section */
		BFE55FE02184F0A9001B518B /* PBXContainerItemProxy */ = {
			isa = PBXContainerItemProxy;
			containerPortal = BFE55FC32184F0A8001B518B /* Project object */;
			proxyType = 1;
			remoteGlobalIDString = BFE55FCA2184F0A8001B518B;
			remoteInfo = EspacioX;
		};
/* End PBXContainerItemProxy section */

/* Begin PBXFileReference section */
		BF3D477C21866BDB0082EF75 /* GradientView.swift */ = {isa = PBXFileReference; lastKnownFileType = sourcecode.swift; path = GradientView.swift; sourceTree = "<group>"; };
		BF3D477F2186703F0082EF75 /* es */ = {isa = PBXFileReference; lastKnownFileType = text.plist.strings; name = es; path = es.lproj/LaunchScreen.strings; sourceTree = "<group>"; };
		BF3D4783218670910082EF75 /* es */ = {isa = PBXFileReference; lastKnownFileType = text.plist.strings; name = es; path = es.lproj/Localizable.strings; sourceTree = "<group>"; };
		BF3D4785218670950082EF75 /* en */ = {isa = PBXFileReference; lastKnownFileType = text.plist.strings; name = en; path = en.lproj/Localizable.strings; sourceTree = "<group>"; };
		BF3D4786218674DF0082EF75 /* LaunchDetailDefaultViewController.swift */ = {isa = PBXFileReference; lastKnownFileType = sourcecode.swift; path = LaunchDetailDefaultViewController.swift; sourceTree = "<group>"; };
		BF3D478B218675170082EF75 /* LaunchDetailViewController.swift */ = {isa = PBXFileReference; lastKnownFileType = sourcecode.swift; path = LaunchDetailViewController.swift; sourceTree = "<group>"; };
		BF3D478E218675680082EF75 /* LaunchDetailPresenter.swift */ = {isa = PBXFileReference; lastKnownFileType = sourcecode.swift; path = LaunchDetailPresenter.swift; sourceTree = "<group>"; };
		BF3D4790218675A40082EF75 /* LaunchDetailDefaultPresenter.swift */ = {isa = PBXFileReference; lastKnownFileType = sourcecode.swift; path = LaunchDetailDefaultPresenter.swift; sourceTree = "<group>"; };
		BF3D47922186770F0082EF75 /* LaunchDetailBuilder.swift */ = {isa = PBXFileReference; lastKnownFileType = sourcecode.swift; path = LaunchDetailBuilder.swift; sourceTree = "<group>"; };
		BF3D47942186791D0082EF75 /* LaunchCountdownView.swift */ = {isa = PBXFileReference; lastKnownFileType = sourcecode.swift; path = LaunchCountdownView.swift; sourceTree = "<group>"; };
		BF3D47962186865B0082EF75 /* LoaderView.swift */ = {isa = PBXFileReference; lastKnownFileType = sourcecode.swift; path = LoaderView.swift; sourceTree = "<group>"; };
		BF54E2AB2187926600FA2851 /* MockLaunchListRouter.swift */ = {isa = PBXFileReference; lastKnownFileType = sourcecode.swift; path = MockLaunchListRouter.swift; sourceTree = "<group>"; };
		BF54E2AF218792D900FA2851 /* MockLaunchListInteractor.swift */ = {isa = PBXFileReference; lastKnownFileType = sourcecode.swift; path = MockLaunchListInteractor.swift; sourceTree = "<group>"; };
		BF54E2B12187930F00FA2851 /* MockLaunchListPresenter.swift */ = {isa = PBXFileReference; lastKnownFileType = sourcecode.swift; path = MockLaunchListPresenter.swift; sourceTree = "<group>"; };
		BF54E2B32187935300FA2851 /* MockLaunchListViewController.swift */ = {isa = PBXFileReference; lastKnownFileType = sourcecode.swift; path = MockLaunchListViewController.swift; sourceTree = "<group>"; };
		BF54E2B5218793C700FA2851 /* LaunchListPresenterTests.swift */ = {isa = PBXFileReference; lastKnownFileType = sourcecode.swift; path = LaunchListPresenterTests.swift; sourceTree = "<group>"; };
		BF54E2BA2187A05D00FA2851 /* MockLaunchBuilder.swift */ = {isa = PBXFileReference; lastKnownFileType = sourcecode.swift; path = MockLaunchBuilder.swift; sourceTree = "<group>"; };
		BF54E2BC2187A76400FA2851 /* APITests.swift */ = {isa = PBXFileReference; lastKnownFileType = sourcecode.swift; path = APITests.swift; sourceTree = "<group>"; };
		BF8CCF2F2185EB9500AB87E6 /* FirstStage.swift */ = {isa = PBXFileReference; lastKnownFileType = sourcecode.swift; path = FirstStage.swift; sourceTree = "<group>"; };
		BF8CCF312185EBA500AB87E6 /* SecondStage.swift */ = {isa = PBXFileReference; lastKnownFileType = sourcecode.swift; path = SecondStage.swift; sourceTree = "<group>"; };
		BF8CCF332185EBB500AB87E6 /* Fairings.swift */ = {isa = PBXFileReference; lastKnownFileType = sourcecode.swift; path = Fairings.swift; sourceTree = "<group>"; };
		BF8CCF372185F12000AB87E6 /* Rocket.swift */ = {isa = PBXFileReference; lastKnownFileType = sourcecode.swift; path = Rocket.swift; sourceTree = "<group>"; };
		BF8CCF392185FCA400AB87E6 /* LaunchViewModel.swift */ = {isa = PBXFileReference; lastKnownFileType = sourcecode.swift; path = LaunchViewModel.swift; sourceTree = "<group>"; };
		BF8CCF3C2185FD3000AB87E6 /* LaunchListItem.swift */ = {isa = PBXFileReference; lastKnownFileType = sourcecode.swift; path = LaunchListItem.swift; sourceTree = "<group>"; };
		BF8CCF3E2186173600AB87E6 /* Palette.swift */ = {isa = PBXFileReference; lastKnownFileType = sourcecode.swift; path = Palette.swift; sourceTree = "<group>"; };
		BF8CCF402186175600AB87E6 /* FontMachine.swift */ = {isa = PBXFileReference; lastKnownFileType = sourcecode.swift; path = FontMachine.swift; sourceTree = "<group>"; };
		BF8CCF422186194C00AB87E6 /* LaunchCountdownCell.swift */ = {isa = PBXFileReference; lastKnownFileType = sourcecode.swift; path = LaunchCountdownCell.swift; sourceTree = "<group>"; };
		BF8CCF452186198700AB87E6 /* LaunchInfoCell.swift */ = {isa = PBXFileReference; lastKnownFileType = sourcecode.swift; path = LaunchInfoCell.swift; sourceTree = "<group>"; };
		BF8CCF47218619A900AB87E6 /* LaunchListSectionHeaderCell.swift */ = {isa = PBXFileReference; lastKnownFileType = sourcecode.swift; path = LaunchListSectionHeaderCell.swift; sourceTree = "<group>"; };
		BFE55FCB2184F0A8001B518B /* EspacioX.app */ = {isa = PBXFileReference; explicitFileType = wrapper.application; includeInIndex = 0; path = EspacioX.app; sourceTree = BUILT_PRODUCTS_DIR; };
		BFE55FCE2184F0A8001B518B /* AppDelegate.swift */ = {isa = PBXFileReference; lastKnownFileType = sourcecode.swift; path = AppDelegate.swift; sourceTree = "<group>"; };
		BFE55FD52184F0A9001B518B /* Assets.xcassets */ = {isa = PBXFileReference; lastKnownFileType = folder.assetcatalog; path = Assets.xcassets; sourceTree = "<group>"; };
		BFE55FD82184F0A9001B518B /* Base */ = {isa = PBXFileReference; lastKnownFileType = file.storyboard; name = Base; path = Base.lproj/LaunchScreen.storyboard; sourceTree = "<group>"; };
		BFE55FDA2184F0A9001B518B /* Info.plist */ = {isa = PBXFileReference; lastKnownFileType = text.plist.xml; path = Info.plist; sourceTree = "<group>"; };
		BFE55FDF2184F0A9001B518B /* EspacioXTests.xctest */ = {isa = PBXFileReference; explicitFileType = wrapper.cfbundle; includeInIndex = 0; path = EspacioXTests.xctest; sourceTree = BUILT_PRODUCTS_DIR; };
		BFE55FE52184F0A9001B518B /* Info.plist */ = {isa = PBXFileReference; lastKnownFileType = text.plist.xml; path = Info.plist; sourceTree = "<group>"; };
		BFE55FEE2184F6E4001B518B /* LaunchListDefaultViewController.swift */ = {isa = PBXFileReference; lastKnownFileType = sourcecode.swift; path = LaunchListDefaultViewController.swift; sourceTree = "<group>"; };
		BFE55FF02184F71B001B518B /* LaunchListViewController.swift */ = {isa = PBXFileReference; lastKnownFileType = sourcecode.swift; path = LaunchListViewController.swift; sourceTree = "<group>"; };
		BFE55FF52184F743001B518B /* SystemExtensions.swift */ = {isa = PBXFileReference; lastKnownFileType = sourcecode.swift; path = SystemExtensions.swift; sourceTree = "<group>"; };
		BFE55FF82184F7D4001B518B /* LaunchListDefaultPresenter.swift */ = {isa = PBXFileReference; lastKnownFileType = sourcecode.swift; path = LaunchListDefaultPresenter.swift; sourceTree = "<group>"; };
		BFE55FFA2184F8B5001B518B /* LaunchListPresenter.swift */ = {isa = PBXFileReference; lastKnownFileType = sourcecode.swift; path = LaunchListPresenter.swift; sourceTree = "<group>"; };
		BFE55FFD2184F8FC001B518B /* LaunchListInteractor.swift */ = {isa = PBXFileReference; lastKnownFileType = sourcecode.swift; path = LaunchListInteractor.swift; sourceTree = "<group>"; };
		BFE55FFF2184F945001B518B /* LaunchListRouter.swift */ = {isa = PBXFileReference; lastKnownFileType = sourcecode.swift; path = LaunchListRouter.swift; sourceTree = "<group>"; };
		BFE560012184F960001B518B /* LaunchListDefaultInteractor.swift */ = {isa = PBXFileReference; lastKnownFileType = sourcecode.swift; path = LaunchListDefaultInteractor.swift; sourceTree = "<group>"; };
		BFE560032184F96C001B518B /* LaunchListDefaultRouter.swift */ = {isa = PBXFileReference; lastKnownFileType = sourcecode.swift; path = LaunchListDefaultRouter.swift; sourceTree = "<group>"; };
		BFE560052184F985001B518B /* LaunchListBuilder.swift */ = {isa = PBXFileReference; lastKnownFileType = sourcecode.swift; path = LaunchListBuilder.swift; sourceTree = "<group>"; };
		BFE560072184FC86001B518B /* Navigatable.swift */ = {isa = PBXFileReference; lastKnownFileType = sourcecode.swift; path = Navigatable.swift; sourceTree = "<group>"; };
		BFE5600B2184FC90001B518B /* ReusableCell.swift */ = {isa = PBXFileReference; lastKnownFileType = sourcecode.swift; path = ReusableCell.swift; sourceTree = "<group>"; };
		BFE560102184FCA2001B518B /* Router.swift */ = {isa = PBXFileReference; lastKnownFileType = sourcecode.swift; path = Router.swift; sourceTree = "<group>"; };
		BFE560142184FD8F001B518B /* RouteType.swift */ = {isa = PBXFileReference; lastKnownFileType = sourcecode.swift; path = RouteType.swift; sourceTree = "<group>"; };
		BFE560162184FFA3001B518B /* API.swift */ = {isa = PBXFileReference; lastKnownFileType = sourcecode.swift; path = API.swift; sourceTree = "<group>"; };
		BFE5601921850296001B518B /* NetworkResult.swift */ = {isa = PBXFileReference; lastKnownFileType = sourcecode.swift; path = NetworkResult.swift; sourceTree = "<group>"; };
		BFE5601C2185067E001B518B /* Launch.swift */ = {isa = PBXFileReference; lastKnownFileType = sourcecode.swift; path = Launch.swift; sourceTree = "<group>"; };
		BFE5601E2185073E001B518B /* LaunchFetchError.swift */ = {isa = PBXFileReference; lastKnownFileType = sourcecode.swift; path = LaunchFetchError.swift; sourceTree = "<group>"; };
/* End PBXFileReference section */

/* Begin PBXFrameworksBuildPhase section */
		BFE55FC82184F0A8001B518B /* Frameworks */ = {
			isa = PBXFrameworksBuildPhase;
			buildActionMask = 2147483647;
			files = (
			);
			runOnlyForDeploymentPostprocessing = 0;
		};
		BFE55FDC2184F0A9001B518B /* Frameworks */ = {
			isa = PBXFrameworksBuildPhase;
			buildActionMask = 2147483647;
			files = (
			);
			runOnlyForDeploymentPostprocessing = 0;
		};
/* End PBXFrameworksBuildPhase section */

/* Begin PBXGroup section */
		BF3D477E21866BE40082EF75 /* Widgets */ = {
			isa = PBXGroup;
			children = (
				BF3D477C21866BDB0082EF75 /* GradientView.swift */,
				BF3D47962186865B0082EF75 /* LoaderView.swift */,
				BF3D47942186791D0082EF75 /* LaunchCountdownView.swift */,
			);
			path = Widgets;
			sourceTree = "<group>";
		};
		BF3D4788218674EB0082EF75 /* LaunchDetail */ = {
			isa = PBXGroup;
			children = (
				BF3D478D2186751B0082EF75 /* Protocols */,
				BF3D4789218674F40082EF75 /* Implementations */,
			);
			path = LaunchDetail;
			sourceTree = "<group>";
		};
		BF3D4789218674F40082EF75 /* Implementations */ = {
			isa = PBXGroup;
			children = (
				BF3D478A218674FC0082EF75 /* Default */,
			);
			path = Implementations;
			sourceTree = "<group>";
		};
		BF3D478A218674FC0082EF75 /* Default */ = {
			isa = PBXGroup;
			children = (
				BF3D47922186770F0082EF75 /* LaunchDetailBuilder.swift */,
				BF3D4790218675A40082EF75 /* LaunchDetailDefaultPresenter.swift */,
				BF3D4786218674DF0082EF75 /* LaunchDetailDefaultViewController.swift */,
			);
			path = Default;
			sourceTree = "<group>";
		};
		BF3D478D2186751B0082EF75 /* Protocols */ = {
			isa = PBXGroup;
			children = (
				BF3D478E218675680082EF75 /* LaunchDetailPresenter.swift */,
				BF3D478B218675170082EF75 /* LaunchDetailViewController.swift */,
			);
			path = Protocols;
			sourceTree = "<group>";
		};
		BF54E2AD2187926A00FA2851 /* Mocks */ = {
			isa = PBXGroup;
			children = (
				BF54E2AB2187926600FA2851 /* MockLaunchListRouter.swift */,
				BF54E2AF218792D900FA2851 /* MockLaunchListInteractor.swift */,
				BF54E2B12187930F00FA2851 /* MockLaunchListPresenter.swift */,
				BF54E2B32187935300FA2851 /* MockLaunchListViewController.swift */,
				BF54E2BA2187A05D00FA2851 /* MockLaunchBuilder.swift */,
			);
			path = Mocks;
			sourceTree = "<group>";
		};
		BF54E2AE2187926F00FA2851 /* LaunchList */ = {
			isa = PBXGroup;
			children = (
				BF54E2AD2187926A00FA2851 /* Mocks */,
				BF54E2B7218793CB00FA2851 /* Tests */,
			);
			path = LaunchList;
			sourceTree = "<group>";
		};
		BF54E2B7218793CB00FA2851 /* Tests */ = {
			isa = PBXGroup;
			children = (
				BF54E2B5218793C700FA2851 /* LaunchListPresenterTests.swift */,
				BF54E2BC2187A76400FA2851 /* APITests.swift */,
			);
			path = Tests;
			sourceTree = "<group>";
		};
		BF8CCF352185EBC500AB87E6 /* Launch */ = {
			isa = PBXGroup;
			children = (
				BFE5601C2185067E001B518B /* Launch.swift */,
				BF8CCF372185F12000AB87E6 /* Rocket.swift */,
				BF8CCF2F2185EB9500AB87E6 /* FirstStage.swift */,
				BF8CCF312185EBA500AB87E6 /* SecondStage.swift */,
				BF8CCF332185EBB500AB87E6 /* Fairings.swift */,
			);
			path = Launch;
			sourceTree = "<group>";
		};
		BF8CCF362185EBCD00AB87E6 /* Errors */ = {
			isa = PBXGroup;
			children = (
				BFE5601E2185073E001B518B /* LaunchFetchError.swift */,
			);
			path = Errors;
			sourceTree = "<group>";
		};
		BF8CCF3B2185FD0700AB87E6 /* ViewModels */ = {
			isa = PBXGroup;
			children = (
				BF8CCF392185FCA400AB87E6 /* LaunchViewModel.swift */,
				BF8CCF3C2185FD3000AB87E6 /* LaunchListItem.swift */,
			);
			path = ViewModels;
			sourceTree = "<group>";
		};
		BF8CCF442186197500AB87E6 /* Cells */ = {
			isa = PBXGroup;
			children = (
				BF8CCF422186194C00AB87E6 /* LaunchCountdownCell.swift */,
				BF8CCF452186198700AB87E6 /* LaunchInfoCell.swift */,
				BF8CCF47218619A900AB87E6 /* LaunchListSectionHeaderCell.swift */,
			);
			path = Cells;
			sourceTree = "<group>";
		};
		BFE55FC22184F0A8001B518B = {
			isa = PBXGroup;
			children = (
				BFE55FCD2184F0A8001B518B /* EspacioX */,
				BFE55FE22184F0A9001B518B /* EspacioXTests */,
				BFE55FCC2184F0A8001B518B /* Products */,
			);
			sourceTree = "<group>";
		};
		BFE55FCC2184F0A8001B518B /* Products */ = {
			isa = PBXGroup;
			children = (
				BFE55FCB2184F0A8001B518B /* EspacioX.app */,
				BFE55FDF2184F0A9001B518B /* EspacioXTests.xctest */,
			);
			name = Products;
			sourceTree = "<group>";
		};
		BFE55FCD2184F0A8001B518B /* EspacioX */ = {
			isa = PBXGroup;
			children = (
				BFE55FCE2184F0A8001B518B /* AppDelegate.swift */,
				BFE560182184FFBB001B518B /* Models */,
				BFE560132184FCBA001B518B /* Views */,
				BFE55FF72184F766001B518B /* Utilities */,
				BFE55FD52184F0A9001B518B /* Assets.xcassets */,
				BF3D4784218670910082EF75 /* Localizable.strings */,
				BFE55FD72184F0A9001B518B /* LaunchScreen.storyboard */,
				BFE55FDA2184F0A9001B518B /* Info.plist */,
			);
			path = EspacioX;
			sourceTree = "<group>";
		};
		BFE55FE22184F0A9001B518B /* EspacioXTests */ = {
			isa = PBXGroup;
			children = (
				BFE55FE52184F0A9001B518B /* Info.plist */,
				BF54E2AE2187926F00FA2851 /* LaunchList */,
			);
			path = EspacioXTests;
			sourceTree = "<group>";
		};
		BFE55FF22184F720001B518B /* LaunchList */ = {
			isa = PBXGroup;
			children = (
				BF8CCF3B2185FD0700AB87E6 /* ViewModels */,
				BFE55FF42184F731001B518B /* Protocols */,
				BFE55FF32184F728001B518B /* Implementations */,
			);
			path = LaunchList;
			sourceTree = "<group>";
		};
		BFE55FF32184F728001B518B /* Implementations */ = {
			isa = PBXGroup;
			children = (
				BFE55FFC2184F8D0001B518B /* Default */,
			);
			path = Implementations;
			sourceTree = "<group>";
		};
		BFE55FF42184F731001B518B /* Protocols */ = {
			isa = PBXGroup;
			children = (
				BFE55FFA2184F8B5001B518B /* LaunchListPresenter.swift */,
				BFE55FFF2184F945001B518B /* LaunchListRouter.swift */,
				BFE55FFD2184F8FC001B518B /* LaunchListInteractor.swift */,
				BFE55FF02184F71B001B518B /* LaunchListViewController.swift */,
			);
			path = Protocols;
			sourceTree = "<group>";
		};
		BFE55FF72184F766001B518B /* Utilities */ = {
			isa = PBXGroup;
			children = (
				BFE55FF52184F743001B518B /* SystemExtensions.swift */,
				BF8CCF3E2186173600AB87E6 /* Palette.swift */,
				BF8CCF402186175600AB87E6 /* FontMachine.swift */,
			);
			path = Utilities;
			sourceTree = "<group>";
		};
		BFE55FFC2184F8D0001B518B /* Default */ = {
			isa = PBXGroup;
			children = (
				BF8CCF442186197500AB87E6 /* Cells */,
				BFE560052184F985001B518B /* LaunchListBuilder.swift */,
				BFE55FF82184F7D4001B518B /* LaunchListDefaultPresenter.swift */,
				BFE560012184F960001B518B /* LaunchListDefaultInteractor.swift */,
				BFE560032184F96C001B518B /* LaunchListDefaultRouter.swift */,
				BFE55FEE2184F6E4001B518B /* LaunchListDefaultViewController.swift */,
			);
			path = Default;
			sourceTree = "<group>";
		};
		BFE560122184FCA9001B518B /* Protocols */ = {
			isa = PBXGroup;
			children = (
				BFE560142184FD8F001B518B /* RouteType.swift */,
				BFE5600B2184FC90001B518B /* ReusableCell.swift */,
				BFE560072184FC86001B518B /* Navigatable.swift */,
				BFE560102184FCA2001B518B /* Router.swift */,
			);
			path = Protocols;
			sourceTree = "<group>";
		};
		BFE560132184FCBA001B518B /* Views */ = {
			isa = PBXGroup;
			children = (
				BFE55FF22184F720001B518B /* LaunchList */,
				BF3D4788218674EB0082EF75 /* LaunchDetail */,
				BFE560122184FCA9001B518B /* Protocols */,
				BF3D477E21866BE40082EF75 /* Widgets */,
			);
			path = Views;
			sourceTree = "<group>";
		};
		BFE560182184FFBB001B518B /* Models */ = {
			isa = PBXGroup;
			children = (
				BFE560162184FFA3001B518B /* API.swift */,
				BF8CCF362185EBCD00AB87E6 /* Errors */,
				BFE5601B21850299001B518B /* Protocols */,
				BF8CCF352185EBC500AB87E6 /* Launch */,
			);
			path = Models;
			sourceTree = "<group>";
		};
		BFE5601B21850299001B518B /* Protocols */ = {
			isa = PBXGroup;
			children = (
				BFE5601921850296001B518B /* NetworkResult.swift */,
			);
			path = Protocols;
			sourceTree = "<group>";
		};
/* End PBXGroup section */

/* Begin PBXNativeTarget section */
		BFE55FCA2184F0A8001B518B /* EspacioX */ = {
			isa = PBXNativeTarget;
			buildConfigurationList = BFE55FE82184F0A9001B518B /* Build configuration list for PBXNativeTarget "EspacioX" */;
			buildPhases = (
				BFE55FC72184F0A8001B518B /* Sources */,
				BFE55FC82184F0A8001B518B /* Frameworks */,
				BFE55FC92184F0A8001B518B /* Resources */,
			);
			buildRules = (
			);
			dependencies = (
			);
			name = EspacioX;
			productName = EspacioX;
			productReference = BFE55FCB2184F0A8001B518B /* EspacioX.app */;
			productType = "com.apple.product-type.application";
		};
		BFE55FDE2184F0A9001B518B /* EspacioXTests */ = {
			isa = PBXNativeTarget;
			buildConfigurationList = BFE55FEB2184F0A9001B518B /* Build configuration list for PBXNativeTarget "EspacioXTests" */;
			buildPhases = (
				BFE55FDB2184F0A9001B518B /* Sources */,
				BFE55FDC2184F0A9001B518B /* Frameworks */,
				BFE55FDD2184F0A9001B518B /* Resources */,
			);
			buildRules = (
			);
			dependencies = (
				BFE55FE12184F0A9001B518B /* PBXTargetDependency */,
			);
			name = EspacioXTests;
			productName = EspacioXTests;
			productReference = BFE55FDF2184F0A9001B518B /* EspacioXTests.xctest */;
			productType = "com.apple.product-type.bundle.unit-test";
		};
/* End PBXNativeTarget section */

/* Begin PBXProject section */
		BFE55FC32184F0A8001B518B /* Project object */ = {
			isa = PBXProject;
			attributes = {
				LastSwiftUpdateCheck = 1000;
				LastUpgradeCheck = 1000;
				ORGANIZATIONNAME = "Stephen Walsh";
				TargetAttributes = {
					BFE55FCA2184F0A8001B518B = {
						CreatedOnToolsVersion = 10.0;
					};
					BFE55FDE2184F0A9001B518B = {
						CreatedOnToolsVersion = 10.0;
						TestTargetID = BFE55FCA2184F0A8001B518B;
					};
				};
			};
			buildConfigurationList = BFE55FC62184F0A8001B518B /* Build configuration list for PBXProject "EspacioX" */;
			compatibilityVersion = "Xcode 9.3";
			developmentRegion = en;
			hasScannedForEncodings = 0;
			knownRegions = (
				en,
				Base,
			);
			mainGroup = BFE55FC22184F0A8001B518B;
			productRefGroup = BFE55FCC2184F0A8001B518B /* Products */;
			projectDirPath = "";
			projectRoot = "";
			targets = (
				BFE55FCA2184F0A8001B518B /* EspacioX */,
				BFE55FDE2184F0A9001B518B /* EspacioXTests */,
			);
		};
/* End PBXProject section */

/* Begin PBXResourcesBuildPhase section */
		BFE55FC92184F0A8001B518B /* Resources */ = {
			isa = PBXResourcesBuildPhase;
			buildActionMask = 2147483647;
			files = (
				BFE55FD92184F0A9001B518B /* LaunchScreen.storyboard in Resources */,
				BF3D4782218670910082EF75 /* Localizable.strings in Resources */,
				BFE55FD62184F0A9001B518B /* Assets.xcassets in Resources */,
			);
			runOnlyForDeploymentPostprocessing = 0;
		};
		BFE55FDD2184F0A9001B518B /* Resources */ = {
			isa = PBXResourcesBuildPhase;
			buildActionMask = 2147483647;
			files = (
			);
			runOnlyForDeploymentPostprocessing = 0;
		};
/* End PBXResourcesBuildPhase section */

/* Begin PBXSourcesBuildPhase section */
		BFE55FC72184F0A8001B518B /* Sources */ = {
			isa = PBXSourcesBuildPhase;
			buildActionMask = 2147483647;
			files = (
				BFE560062184F985001B518B /* LaunchListBuilder.swift in Sources */,
				BFE55FF92184F7D4001B518B /* LaunchListDefaultPresenter.swift in Sources */,
				BF3D47952186791D0082EF75 /* LaunchCountdownView.swift in Sources */,
				BFE560082184FC88001B518B /* Navigatable.swift in Sources */,
				BF8CCF432186194C00AB87E6 /* LaunchCountdownCell.swift in Sources */,
				BF8CCF3F2186173600AB87E6 /* Palette.swift in Sources */,
				BFE560002184F945001B518B /* LaunchListRouter.swift in Sources */,
				BFE55FF12184F71B001B518B /* LaunchListViewController.swift in Sources */,
				BFE560042184F96C001B518B /* LaunchListDefaultRouter.swift in Sources */,
				BF3D478C218675170082EF75 /* LaunchDetailViewController.swift in Sources */,
				BFE560022184F960001B518B /* LaunchListDefaultInteractor.swift in Sources */,
				BFE560112184FCA3001B518B /* Router.swift in Sources */,
				BFE55FCF2184F0A8001B518B /* AppDelegate.swift in Sources */,
				BFE560152184FD8F001B518B /* RouteType.swift in Sources */,
				BF8CCF3D2185FD3000AB87E6 /* LaunchListItem.swift in Sources */,
				BFE55FFE2184F8FC001B518B /* LaunchListInteractor.swift in Sources */,
				BFE55FF62184F743001B518B /* SystemExtensions.swift in Sources */,
				BF8CCF462186198700AB87E6 /* LaunchInfoCell.swift in Sources */,
				BF8CCF48218619A900AB87E6 /* LaunchListSectionHeaderCell.swift in Sources */,
				BF8CCF382185F12000AB87E6 /* Rocket.swift in Sources */,
				BF8CCF302185EB9500AB87E6 /* FirstStage.swift in Sources */,
				BFE55FEF2184F6E4001B518B /* LaunchListDefaultViewController.swift in Sources */,
				BFE5600C2184FC90001B518B /* ReusableCell.swift in Sources */,
				BFE560172184FFA3001B518B /* API.swift in Sources */,
				BF8CCF412186175600AB87E6 /* FontMachine.swift in Sources */,
				BF3D47932186770F0082EF75 /* LaunchDetailBuilder.swift in Sources */,
				BF8CCF3A2185FCA400AB87E6 /* LaunchViewModel.swift in Sources */,
				BFE55FFB2184F8B5001B518B /* LaunchListPresenter.swift in Sources */,
				BF3D47972186865B0082EF75 /* LoaderView.swift in Sources */,
				BF8CCF322185EBA500AB87E6 /* SecondStage.swift in Sources */,
				BF3D478F218675680082EF75 /* LaunchDetailPresenter.swift in Sources */,
				BF8CCF342185EBB500AB87E6 /* Fairings.swift in Sources */,
				BFE5601F2185073E001B518B /* LaunchFetchError.swift in Sources */,
				BF3D4787218674DF0082EF75 /* LaunchDetailDefaultViewController.swift in Sources */,
				BF3D4791218675A40082EF75 /* LaunchDetailDefaultPresenter.swift in Sources */,
				BFE5601D2185067E001B518B /* Launch.swift in Sources */,
				BFE5601A21850296001B518B /* NetworkResult.swift in Sources */,
				BF3D477D21866BDB0082EF75 /* GradientView.swift in Sources */,
			);
			runOnlyForDeploymentPostprocessing = 0;
		};
		BFE55FDB2184F0A9001B518B /* Sources */ = {
			isa = PBXSourcesBuildPhase;
			buildActionMask = 2147483647;
			files = (
				BF54E2BD2187A76400FA2851 /* APITests.swift in Sources */,
				BF54E2B42187935300FA2851 /* MockLaunchListViewController.swift in Sources */,
				BF54E2B0218792D900FA2851 /* MockLaunchListInteractor.swift in Sources */,
				BF54E2B22187930F00FA2851 /* MockLaunchListPresenter.swift in Sources */,
				BF54E2B6218793C700FA2851 /* LaunchListPresenterTests.swift in Sources */,
				BF54E2BB2187A05D00FA2851 /* MockLaunchBuilder.swift in Sources */,
				BF54E2AC2187926600FA2851 /* MockLaunchListRouter.swift in Sources */,
			);
			runOnlyForDeploymentPostprocessing = 0;
		};
/* End PBXSourcesBuildPhase section */

/* Begin PBXTargetDependency section */
		BFE55FE12184F0A9001B518B /* PBXTargetDependency */ = {
			isa = PBXTargetDependency;
			target = BFE55FCA2184F0A8001B518B /* EspacioX */;
			targetProxy = BFE55FE02184F0A9001B518B /* PBXContainerItemProxy */;
		};
/* End PBXTargetDependency section */

/* Begin PBXVariantGroup section */
		BF3D4784218670910082EF75 /* Localizable.strings */ = {
			isa = PBXVariantGroup;
			children = (
				BF3D4783218670910082EF75 /* es */,
				BF3D4785218670950082EF75 /* en */,
			);
			name = Localizable.strings;
			sourceTree = "<group>";
		};
		BFE55FD72184F0A9001B518B /* LaunchScreen.storyboard */ = {
			isa = PBXVariantGroup;
			children = (
				BFE55FD82184F0A9001B518B /* Base */,
				BF3D477F2186703F0082EF75 /* es */,
			);
			name = LaunchScreen.storyboard;
			sourceTree = "<group>";
		};
/* End PBXVariantGroup section */

/* Begin XCBuildConfiguration section */
		BFE55FE62184F0A9001B518B /* Debug */ = {
			isa = XCBuildConfiguration;
			buildSettings = {
				ALWAYS_SEARCH_USER_PATHS = NO;
				CLANG_ANALYZER_LOCALIZABILITY_NONLOCALIZED = YES;
				CLANG_ANALYZER_NONNULL = YES;
				CLANG_ANALYZER_NUMBER_OBJECT_CONVERSION = YES_AGGRESSIVE;
				CLANG_CXX_LANGUAGE_STANDARD = "gnu++14";
				CLANG_CXX_LIBRARY = "libc++";
				CLANG_ENABLE_MODULES = YES;
				CLANG_ENABLE_OBJC_ARC = YES;
				CLANG_ENABLE_OBJC_WEAK = YES;
				CLANG_WARN_BLOCK_CAPTURE_AUTORELEASING = YES;
				CLANG_WARN_BOOL_CONVERSION = YES;
				CLANG_WARN_COMMA = YES;
				CLANG_WARN_CONSTANT_CONVERSION = YES;
				CLANG_WARN_DEPRECATED_OBJC_IMPLEMENTATIONS = YES;
				CLANG_WARN_DIRECT_OBJC_ISA_USAGE = YES_ERROR;
				CLANG_WARN_DOCUMENTATION_COMMENTS = YES;
				CLANG_WARN_EMPTY_BODY = YES;
				CLANG_WARN_ENUM_CONVERSION = YES;
				CLANG_WARN_INFINITE_RECURSION = YES;
				CLANG_WARN_INT_CONVERSION = YES;
				CLANG_WARN_NON_LITERAL_NULL_CONVERSION = YES;
				CLANG_WARN_OBJC_IMPLICIT_RETAIN_SELF = YES;
				CLANG_WARN_OBJC_LITERAL_CONVERSION = YES;
				CLANG_WARN_OBJC_ROOT_CLASS = YES_ERROR;
				CLANG_WARN_RANGE_LOOP_ANALYSIS = YES;
				CLANG_WARN_STRICT_PROTOTYPES = YES;
				CLANG_WARN_SUSPICIOUS_MOVE = YES;
				CLANG_WARN_UNGUARDED_AVAILABILITY = YES_AGGRESSIVE;
				CLANG_WARN_UNREACHABLE_CODE = YES;
				CLANG_WARN__DUPLICATE_METHOD_MATCH = YES;
				CODE_SIGN_IDENTITY = "iPhone Developer";
				COPY_PHASE_STRIP = NO;
				DEBUG_INFORMATION_FORMAT = dwarf;
				ENABLE_STRICT_OBJC_MSGSEND = YES;
				ENABLE_TESTABILITY = YES;
				GCC_C_LANGUAGE_STANDARD = gnu11;
				GCC_DYNAMIC_NO_PIC = NO;
				GCC_NO_COMMON_BLOCKS = YES;
				GCC_OPTIMIZATION_LEVEL = 0;
				GCC_PREPROCESSOR_DEFINITIONS = (
					"DEBUG=1",
					"$(inherited)",
				);
				GCC_WARN_64_TO_32_BIT_CONVERSION = YES;
				GCC_WARN_ABOUT_RETURN_TYPE = YES_ERROR;
				GCC_WARN_UNDECLARED_SELECTOR = YES;
				GCC_WARN_UNINITIALIZED_AUTOS = YES_AGGRESSIVE;
				GCC_WARN_UNUSED_FUNCTION = YES;
				GCC_WARN_UNUSED_VARIABLE = YES;
				IPHONEOS_DEPLOYMENT_TARGET = 12.0;
				MTL_ENABLE_DEBUG_INFO = INCLUDE_SOURCE;
				MTL_FAST_MATH = YES;
				ONLY_ACTIVE_ARCH = YES;
				SDKROOT = iphoneos;
				SWIFT_ACTIVE_COMPILATION_CONDITIONS = DEBUG;
				SWIFT_OPTIMIZATION_LEVEL = "-Onone";
			};
			name = Debug;
		};
		BFE55FE72184F0A9001B518B /* Release */ = {
			isa = XCBuildConfiguration;
			buildSettings = {
				ALWAYS_SEARCH_USER_PATHS = NO;
				CLANG_ANALYZER_LOCALIZABILITY_NONLOCALIZED = YES;
				CLANG_ANALYZER_NONNULL = YES;
				CLANG_ANALYZER_NUMBER_OBJECT_CONVERSION = YES_AGGRESSIVE;
				CLANG_CXX_LANGUAGE_STANDARD = "gnu++14";
				CLANG_CXX_LIBRARY = "libc++";
				CLANG_ENABLE_MODULES = YES;
				CLANG_ENABLE_OBJC_ARC = YES;
				CLANG_ENABLE_OBJC_WEAK = YES;
				CLANG_WARN_BLOCK_CAPTURE_AUTORELEASING = YES;
				CLANG_WARN_BOOL_CONVERSION = YES;
				CLANG_WARN_COMMA = YES;
				CLANG_WARN_CONSTANT_CONVERSION = YES;
				CLANG_WARN_DEPRECATED_OBJC_IMPLEMENTATIONS = YES;
				CLANG_WARN_DIRECT_OBJC_ISA_USAGE = YES_ERROR;
				CLANG_WARN_DOCUMENTATION_COMMENTS = YES;
				CLANG_WARN_EMPTY_BODY = YES;
				CLANG_WARN_ENUM_CONVERSION = YES;
				CLANG_WARN_INFINITE_RECURSION = YES;
				CLANG_WARN_INT_CONVERSION = YES;
				CLANG_WARN_NON_LITERAL_NULL_CONVERSION = YES;
				CLANG_WARN_OBJC_IMPLICIT_RETAIN_SELF = YES;
				CLANG_WARN_OBJC_LITERAL_CONVERSION = YES;
				CLANG_WARN_OBJC_ROOT_CLASS = YES_ERROR;
				CLANG_WARN_RANGE_LOOP_ANALYSIS = YES;
				CLANG_WARN_STRICT_PROTOTYPES = YES;
				CLANG_WARN_SUSPICIOUS_MOVE = YES;
				CLANG_WARN_UNGUARDED_AVAILABILITY = YES_AGGRESSIVE;
				CLANG_WARN_UNREACHABLE_CODE = YES;
				CLANG_WARN__DUPLICATE_METHOD_MATCH = YES;
				CODE_SIGN_IDENTITY = "iPhone Developer";
				COPY_PHASE_STRIP = NO;
				DEBUG_INFORMATION_FORMAT = "dwarf-with-dsym";
				ENABLE_NS_ASSERTIONS = NO;
				ENABLE_STRICT_OBJC_MSGSEND = YES;
				GCC_C_LANGUAGE_STANDARD = gnu11;
				GCC_NO_COMMON_BLOCKS = YES;
				GCC_WARN_64_TO_32_BIT_CONVERSION = YES;
				GCC_WARN_ABOUT_RETURN_TYPE = YES_ERROR;
				GCC_WARN_UNDECLARED_SELECTOR = YES;
				GCC_WARN_UNINITIALIZED_AUTOS = YES_AGGRESSIVE;
				GCC_WARN_UNUSED_FUNCTION = YES;
				GCC_WARN_UNUSED_VARIABLE = YES;
				IPHONEOS_DEPLOYMENT_TARGET = 12.0;
				MTL_ENABLE_DEBUG_INFO = NO;
				MTL_FAST_MATH = YES;
				SDKROOT = iphoneos;
				SWIFT_COMPILATION_MODE = wholemodule;
				SWIFT_OPTIMIZATION_LEVEL = "-O";
				VALIDATE_PRODUCT = YES;
			};
			name = Release;
		};
		BFE55FE92184F0A9001B518B /* Debug */ = {
			isa = XCBuildConfiguration;
			buildSettings = {
				ASSETCATALOG_COMPILER_APPICON_NAME = AppIcon;
				CODE_SIGN_STYLE = Automatic;
				DEVELOPMENT_TEAM = 29XC7B4KB4;
				INFOPLIST_FILE = EspacioX/Info.plist;
				LD_RUNPATH_SEARCH_PATHS = (
					"$(inherited)",
					"@executable_path/Frameworks",
				);
				PRODUCT_BUNDLE_IDENTIFIER = com.sfwalsh.EspacioX;
				PRODUCT_NAME = "$(TARGET_NAME)";
				SWIFT_VERSION = 4.2;
				TARGETED_DEVICE_FAMILY = "1,2";
			};
			name = Debug;
		};
		BFE55FEA2184F0A9001B518B /* Release */ = {
			isa = XCBuildConfiguration;
			buildSettings = {
				ASSETCATALOG_COMPILER_APPICON_NAME = AppIcon;
				CODE_SIGN_STYLE = Automatic;
				DEVELOPMENT_TEAM = 29XC7B4KB4;
				INFOPLIST_FILE = EspacioX/Info.plist;
				LD_RUNPATH_SEARCH_PATHS = (
					"$(inherited)",
					"@executable_path/Frameworks",
				);
				PRODUCT_BUNDLE_IDENTIFIER = com.sfwalsh.EspacioX;
				PRODUCT_NAME = "$(TARGET_NAME)";
				SWIFT_VERSION = 4.2;
				TARGETED_DEVICE_FAMILY = "1,2";
			};
			name = Release;
		};
		BFE55FEC2184F0A9001B518B /* Debug */ = {
			isa = XCBuildConfiguration;
			buildSettings = {
				ALWAYS_EMBED_SWIFT_STANDARD_LIBRARIES = YES;
				BUNDLE_LOADER = "$(TEST_HOST)";
				CODE_SIGN_STYLE = Automatic;
				DEVELOPMENT_TEAM = 29XC7B4KB4;
				INFOPLIST_FILE = EspacioXTests/Info.plist;
				LD_RUNPATH_SEARCH_PATHS = (
					"$(inherited)",
					"@executable_path/Frameworks",
					"@loader_path/Frameworks",
				);
				PRODUCT_BUNDLE_IDENTIFIER = com.sfwalsh.EspacioXTests;
				PRODUCT_NAME = "$(TARGET_NAME)";
				SWIFT_VERSION = 4.2;
				TARGETED_DEVICE_FAMILY = "1,2";
				TEST_HOST = "$(BUILT_PRODUCTS_DIR)/EspacioX.app/EspacioX";
			};
			name = Debug;
		};
		BFE55FED2184F0A9001B518B /* Release */ = {
			isa = XCBuildConfiguration;
			buildSettings = {
				ALWAYS_EMBED_SWIFT_STANDARD_LIBRARIES = YES;
				BUNDLE_LOADER = "$(TEST_HOST)";
				CODE_SIGN_STYLE = Automatic;
				DEVELOPMENT_TEAM = 29XC7B4KB4;
				INFOPLIST_FILE = EspacioXTests/Info.plist;
				LD_RUNPATH_SEARCH_PATHS = (
					"$(inherited)",
					"@executable_path/Frameworks",
					"@loader_path/Frameworks",
				);
				PRODUCT_BUNDLE_IDENTIFIER = com.sfwalsh.EspacioXTests;
				PRODUCT_NAME = "$(TARGET_NAME)";
				SWIFT_VERSION = 4.2;
				TARGETED_DEVICE_FAMILY = "1,2";
				TEST_HOST = "$(BUILT_PRODUCTS_DIR)/EspacioX.app/EspacioX";
			};
			name = Release;
		};
/* End XCBuildConfiguration section */

/* Begin XCConfigurationList section */
		BFE55FC62184F0A8001B518B /* Build configuration list for PBXProject "EspacioX" */ = {
			isa = XCConfigurationList;
			buildConfigurations = (
				BFE55FE62184F0A9001B518B /* Debug */,
				BFE55FE72184F0A9001B518B /* Release */,
			);
			defaultConfigurationIsVisible = 0;
			defaultConfigurationName = Release;
		};
		BFE55FE82184F0A9001B518B /* Build configuration list for PBXNativeTarget "EspacioX" */ = {
			isa = XCConfigurationList;
			buildConfigurations = (
				BFE55FE92184F0A9001B518B /* Debug */,
				BFE55FEA2184F0A9001B518B /* Release */,
			);
			defaultConfigurationIsVisible = 0;
			defaultConfigurationName = Release;
		};
		BFE55FEB2184F0A9001B518B /* Build configuration list for PBXNativeTarget "EspacioXTests" */ = {
			isa = XCConfigurationList;
			buildConfigurations = (
				BFE55FEC2184F0A9001B518B /* Debug */,
				BFE55FED2184F0A9001B518B /* Release */,
			);
			defaultConfigurationIsVisible = 0;
			defaultConfigurationName = Release;
		};
/* End XCConfigurationList section */
	};
	rootObject = BFE55FC32184F0A8001B518B /* Project object */;
}
